
Microsoft Visual Studio Solution File, Format Version 12.00
# Visual Studio Version 16
VisualStudioVersion = 16.0.30128.74
MinimumVisualStudioVersion = 10.0.40219.1
Project("{FAE04EC0-301F-11D3-BF4B-00C04F79EFBC}") = "Cambio Climático", "Cambio Climático.csproj", "{728E6718-9BC2-4327-B7A8-33327038082D}"
EndProject
Global
	GlobalSection(SolutionConfigurationPlatforms) = preSolution
		Debug|Any CPU = Debug|Any CPU
		Release|Any CPU = Release|Any CPU
	EndGlobalSection
	GlobalSection(ProjectConfigurationPlatforms) = postSolution
		{728E6718-9BC2-4327-B7A8-33327038082D}.Debug|Any CPU.ActiveCfg = Debug|Any CPU
		{728E6718-9BC2-4327-B7A8-33327038082D}.Debug|Any CPU.Build.0 = Debug|Any CPU
		{728E6718-9BC2-4327-B7A8-33327038082D}.Release|Any CPU.ActiveCfg = Release|Any CPU
		{728E6718-9BC2-4327-B7A8-33327038082D}.Release|Any CPU.Build.0 = Release|Any CPU
	EndGlobalSection
	GlobalSection(SolutionProperties) = preSolution
		HideSolutionNode = FALSE
	EndGlobalSection
	GlobalSection(ExtensibilityGlobals) = postSolution
		SolutionGuid = {451BBAB0-F578-4B99-A2EB-5D1F9A848B80}
	EndGlobalSection
EndGlobal
